
Microsoft Visual Studio Solution File, Format Version 12.00
# 
Project("{FAE04EC0-301F-11D3-BF4B-00C04F79EFBC}") = "DeepCheck", "DeepCheck\DeepCheck.csproj", "{21F65A20-8153-490C-A58B-51487E1E36A8}"
EndProject
Project("{FAE04EC0-301F-11D3-BF4B-00C04F79EFBC}") = "DeepCheck.Tests", "DeepCheck.Tests\DeepCheck.Tests.csproj", "{6F5476EA-C860-4C99-A694-9D4E25302E58}"
EndProject
Global
	GlobalSection(SolutionConfigurationPlatforms) = preSolution
		Debug|Any CPU = Debug|Any CPU
		Release|Any CPU = Release|Any CPU
	EndGlobalSection
	GlobalSection(ProjectConfigurationPlatforms) = postSolution
		{21F65A20-8153-490C-A58B-51487E1E36A8}.Debug|Any CPU.ActiveCfg = Debug|Any CPU
		{21F65A20-8153-490C-A58B-51487E1E36A8}.Debug|Any CPU.Build.0 = Debug|Any CPU
		{21F65A20-8153-490C-A58B-51487E1E36A8}.Release|Any CPU.ActiveCfg = Release|Any CPU
		{21F65A20-8153-490C-A58B-51487E1E36A8}.Release|Any CPU.Build.0 = Release|Any CPU
		{6F5476EA-C860-4C99-A694-9D4E25302E58}.Debug|Any CPU.ActiveCfg = Debug|Any CPU
		{6F5476EA-C860-4C99-A694-9D4E25302E58}.Debug|Any CPU.Build.0 = Debug|Any CPU
		{6F5476EA-C860-4C99-A694-9D4E25302E58}.Release|Any CPU.ActiveCfg = Release|Any CPU
		{6F5476EA-C860-4C99-A694-9D4E25302E58}.Release|Any CPU.Build.0 = Release|Any CPU
	EndGlobalSection
EndGlobal
